
Microsoft Visual Studio Solution File, Format Version 12.00
# Visual Studio Version 16
VisualStudioVersion = 16.0.31019.35
MinimumVisualStudioVersion = 10.0.40219.1
Project("{FAE04EC0-301F-11D3-BF4B-00C04F79EFBC}") = "WebApplication18", "WebApplication18\WebApplication18.csproj", "{E2A52683-CEA4-447F-A854-E7FD7FFA5002}"
EndProject
Global
	GlobalSection(SolutionConfigurationPlatforms) = preSolution
		Debug|Any CPU = Debug|Any CPU
		Release|Any CPU = Release|Any CPU
	EndGlobalSection
	GlobalSection(ProjectConfigurationPlatforms) = postSolution
		{E2A52683-CEA4-447F-A854-E7FD7FFA5002}.Debug|Any CPU.ActiveCfg = Debug|Any CPU
		{E2A52683-CEA4-447F-A854-E7FD7FFA5002}.Debug|Any CPU.Build.0 = Debug|Any CPU
		{E2A52683-CEA4-447F-A854-E7FD7FFA5002}.Release|Any CPU.ActiveCfg = Release|Any CPU
		{E2A52683-CEA4-447F-A854-E7FD7FFA5002}.Release|Any CPU.Build.0 = Release|Any CPU
	EndGlobalSection
	GlobalSection(SolutionProperties) = preSolution
		HideSolutionNode = FALSE
	EndGlobalSection
	GlobalSection(ExtensibilityGlobals) = postSolution
		SolutionGuid = {2BF287F8-2885-4381-AE73-0FA4B3D39C55}
	EndGlobalSection
EndGlobal
